
Microsoft Visual Studio Solution File, Format Version 12.00
# Visual Studio Version 17
VisualStudioVersion = 17.11.35312.102
MinimumVisualStudioVersion = 10.0.40219.1
Project("{FAE04EC0-301F-11D3-BF4B-00C04F79EFBC}") = "BookingApp.Data", "BookingApp.Data\BookingApp.Data.csproj", "{4A11DAE8-E866-4C79-92F0-3324898F672A}"
EndProject
Project("{FAE04EC0-301F-11D3-BF4B-00C04F79EFBC}") = "BookingApp.Business", "BookingApp.Business\BookingApp.Business.csproj", "{998C9871-DFFE-4962-8A33-631AC1F9D09E}"
EndProject
Project("{FAE04EC0-301F-11D3-BF4B-00C04F79EFBC}") = "BookingApp.WebApi", "BookingApp.WebApi\BookingApp.WebApi.csproj", "{56C8763A-04D4-46F7-B660-C690BF0E769F}"
EndProject
Global
	GlobalSection(SolutionConfigurationPlatforms) = preSolution
		Debug|Any CPU = Debug|Any CPU
		Release|Any CPU = Release|Any CPU
	EndGlobalSection
	GlobalSection(ProjectConfigurationPlatforms) = postSolution
		{4A11DAE8-E866-4C79-92F0-3324898F672A}.Debug|Any CPU.ActiveCfg = Debug|Any CPU
		{4A11DAE8-E866-4C79-92F0-3324898F672A}.Debug|Any CPU.Build.0 = Debug|Any CPU
		{4A11DAE8-E866-4C79-92F0-3324898F672A}.Release|Any CPU.ActiveCfg = Release|Any CPU
		{4A11DAE8-E866-4C79-92F0-3324898F672A}.Release|Any CPU.Build.0 = Release|Any CPU
		{998C9871-DFFE-4962-8A33-631AC1F9D09E}.Debug|Any CPU.ActiveCfg = Debug|Any CPU
		{998C9871-DFFE-4962-8A33-631AC1F9D09E}.Debug|Any CPU.Build.0 = Debug|Any CPU
		{998C9871-DFFE-4962-8A33-631AC1F9D09E}.Release|Any CPU.ActiveCfg = Release|Any CPU
		{998C9871-DFFE-4962-8A33-631AC1F9D09E}.Release|Any CPU.Build.0 = Release|Any CPU
		{56C8763A-04D4-46F7-B660-C690BF0E769F}.Debug|Any CPU.ActiveCfg = Debug|Any CPU
		{56C8763A-04D4-46F7-B660-C690BF0E769F}.Debug|Any CPU.Build.0 = Debug|Any CPU
		{56C8763A-04D4-46F7-B660-C690BF0E769F}.Release|Any CPU.ActiveCfg = Release|Any CPU
		{56C8763A-04D4-46F7-B660-C690BF0E769F}.Release|Any CPU.Build.0 = Release|Any CPU
	EndGlobalSection
	GlobalSection(SolutionProperties) = preSolution
		HideSolutionNode = FALSE
	EndGlobalSection
	GlobalSection(ExtensibilityGlobals) = postSolution
		SolutionGuid = {EEFDA661-8927-46C8-B01B-DE306C0AE033}
	EndGlobalSection
EndGlobal
